
Microsoft Visual Studio Solution File, Format Version 12.00
# Visual Studio 15
VisualStudioVersion = 15.0.28306.52
MinimumVisualStudioVersion = 10.0.40219.1
Project("{FAE04EC0-301F-11D3-BF4B-00C04F79EFBC}") = "MecnunDergi2", "MecnunDergi2\MecnunDergi2.csproj", "{84236B18-88C7-4403-A5AB-871D208A290B}"
EndProject
Global
	GlobalSection(SolutionConfigurationPlatforms) = preSolution
		Debug|Any CPU = Debug|Any CPU
		Release|Any CPU = Release|Any CPU
	EndGlobalSection
	GlobalSection(ProjectConfigurationPlatforms) = postSolution
		{84236B18-88C7-4403-A5AB-871D208A290B}.Debug|Any CPU.ActiveCfg = Debug|Any CPU
		{84236B18-88C7-4403-A5AB-871D208A290B}.Debug|Any CPU.Build.0 = Debug|Any CPU
		{84236B18-88C7-4403-A5AB-871D208A290B}.Release|Any CPU.ActiveCfg = Release|Any CPU
		{84236B18-88C7-4403-A5AB-871D208A290B}.Release|Any CPU.Build.0 = Release|Any CPU
	EndGlobalSection
	GlobalSection(SolutionProperties) = preSolution
		HideSolutionNode = FALSE
	EndGlobalSection
	GlobalSection(ExtensibilityGlobals) = postSolution
		SolutionGuid = {2F0EF609-78B3-487E-8A3F-E76BCBF0A52E}
	EndGlobalSection
EndGlobal
